
Microsoft Visual Studio Solution File, Format Version 12.00
# Visual Studio 2012
Project("{FAE04EC0-301F-11D3-BF4B-00C04F79EFBC}") = "VB6", "VB6.csproj", "{DE803B6A-C54D-4E43-9C65-F6A453188802}"
EndProject
Global
	GlobalSection(SolutionConfigurationPlatforms) = preSolution
		Debug|Any CPU = Debug|Any CPU
		Release|Any CPU = Release|Any CPU
	EndGlobalSection
	GlobalSection(ProjectConfigurationPlatforms) = postSolution
		{DE803B6A-C54D-4E43-9C65-F6A453188802}.Debug|Any CPU.ActiveCfg = Debug|Any CPU
		{DE803B6A-C54D-4E43-9C65-F6A453188802}.Debug|Any CPU.Build.0 = Debug|Any CPU
		{DE803B6A-C54D-4E43-9C65-F6A453188802}.Release|Any CPU.ActiveCfg = Release|Any CPU
		{DE803B6A-C54D-4E43-9C65-F6A453188802}.Release|Any CPU.Build.0 = Release|Any CPU
	EndGlobalSection
	GlobalSection(SolutionProperties) = preSolution
		HideSolutionNode = FALSE
	EndGlobalSection
EndGlobal
